
Microsoft Visual Studio Solution File, Format Version 12.00
# Visual Studio 15
VisualStudioVersion = 15.0.27703.2026
MinimumVisualStudioVersion = 10.0.40219.1
Project("{FAE04EC0-301F-11D3-BF4B-00C04F79EFBC}") = "chapter4", "chapter4\chapter4.csproj", "{32063361-DFB9-4504-98DA-D4AFF7CA3C10}"
EndProject
Global
	GlobalSection(SolutionConfigurationPlatforms) = preSolution
		Debug|Any CPU = Debug|Any CPU
		Release|Any CPU = Release|Any CPU
	EndGlobalSection
	GlobalSection(ProjectConfigurationPlatforms) = postSolution
		{32063361-DFB9-4504-98DA-D4AFF7CA3C10}.Debug|Any CPU.ActiveCfg = Debug|Any CPU
		{32063361-DFB9-4504-98DA-D4AFF7CA3C10}.Debug|Any CPU.Build.0 = Debug|Any CPU
		{32063361-DFB9-4504-98DA-D4AFF7CA3C10}.Release|Any CPU.ActiveCfg = Release|Any CPU
		{32063361-DFB9-4504-98DA-D4AFF7CA3C10}.Release|Any CPU.Build.0 = Release|Any CPU
	EndGlobalSection
	GlobalSection(SolutionProperties) = preSolution
		HideSolutionNode = FALSE
	EndGlobalSection
	GlobalSection(ExtensibilityGlobals) = postSolution
		SolutionGuid = {7C2593D2-4DA1-43B4-A2F4-786639A8099F}
	EndGlobalSection
EndGlobal
